
Microsoft Visual Studio Solution File, Format Version 12.00
# Visual Studio 15
VisualStudioVersion = 15.0.27703.2042
MinimumVisualStudioVersion = 10.0.40219.1
Project("{FAE04EC0-301F-11D3-BF4B-00C04F79EFBC}") = "WindowsFormsxmlprojeevren", "WindowsFormsxmlprojeevren\WindowsFormsxmlprojeevren.csproj", "{C6009F34-DD91-4D1D-A2D0-2438DFF390C4}"
EndProject
Project("{FAE04EC0-301F-11D3-BF4B-00C04F79EFBC}") = "WindowsFormsAppsqlcrud", "WindowsFormsAppsqlcrud\WindowsFormsAppsqlcrud.csproj", "{A90653F8-8B64-45E2-948A-DA5025377571}"
EndProject
Global
	GlobalSection(SolutionConfigurationPlatforms) = preSolution
		Debug|Any CPU = Debug|Any CPU
		Release|Any CPU = Release|Any CPU
	EndGlobalSection
	GlobalSection(ProjectConfigurationPlatforms) = postSolution
		{C6009F34-DD91-4D1D-A2D0-2438DFF390C4}.Debug|Any CPU.ActiveCfg = Debug|Any CPU
		{C6009F34-DD91-4D1D-A2D0-2438DFF390C4}.Debug|Any CPU.Build.0 = Debug|Any CPU
		{C6009F34-DD91-4D1D-A2D0-2438DFF390C4}.Release|Any CPU.ActiveCfg = Release|Any CPU
		{C6009F34-DD91-4D1D-A2D0-2438DFF390C4}.Release|Any CPU.Build.0 = Release|Any CPU
		{A90653F8-8B64-45E2-948A-DA5025377571}.Debug|Any CPU.ActiveCfg = Debug|Any CPU
		{A90653F8-8B64-45E2-948A-DA5025377571}.Debug|Any CPU.Build.0 = Debug|Any CPU
		{A90653F8-8B64-45E2-948A-DA5025377571}.Release|Any CPU.ActiveCfg = Release|Any CPU
		{A90653F8-8B64-45E2-948A-DA5025377571}.Release|Any CPU.Build.0 = Release|Any CPU
	EndGlobalSection
	GlobalSection(SolutionProperties) = preSolution
		HideSolutionNode = FALSE
	EndGlobalSection
	GlobalSection(ExtensibilityGlobals) = postSolution
		SolutionGuid = {85C1A955-50EC-4A5E-8ED6-CE8B8499C2FB}
	EndGlobalSection
EndGlobal
